# This file is generated by running "yarn install" inside your project.
# Manual changes might be lost - proceed with caution!

__metadata:
  version: 7
  cacheKey: 9

"@notionhq/client@npm:^2.2.14":
  version: 2.2.14
  resolution: "@notionhq/client@npm:2.2.14"
  dependencies:
    "@types/node-fetch": "npm:^2.5.10"
    node-fetch: "npm:^2.6.1"
  checksum: 8faa9ab551f28faf274ee34e85d3d6c1e8ea2afb6a7f80032a5f005758bd8f290653c0d85195dd420c678d1e4228f069249fa3100d6c959a8fc89999a65dda28
  languageName: node
  linkType: hard

"@types/node-fetch@npm:^2.5.10":
  version: 2.6.2
  resolution: "@types/node-fetch@npm:2.6.2"
  dependencies:
    "@types/node": "npm:*"
    form-data: "npm:^3.0.0"
  checksum: bd268ca1129439b1e2c9d6291c64401b82ec50f72d5554d59ff4d52723a30dff86a175ad159f812e07795804e832afaaeffeea6f8350eb512497b8eab6c932a1
  languageName: node
  linkType: hard

"@types/node@npm:*":
  version: 18.11.11
  resolution: "@types/node@npm:18.11.11"
  checksum: 7ff6dfb616544cf046b95a988435b2eddf31ea839864454fedb9b0512bbe0b9abbf7f61c3e9d3c6160b626ec8d15cf6b2255a242827ba8e599c5525952b696a5
  languageName: node
  linkType: hard

"asynckit@npm:^0.4.0":
  version: 0.4.0
  resolution: "asynckit@npm:0.4.0"
  checksum: e4d1381289f9effe69a4dbc18e8b4e2059113dfb23634d0f4064226042870dbc53175fbf261f982d055fa2952163a8b7608781ea58314a17bb6a2cd6815af4f1
  languageName: node
  linkType: hard

"combined-stream@npm:^1.0.8":
  version: 1.0.8
  resolution: "combined-stream@npm:1.0.8"
  dependencies:
    delayed-stream: "npm:~1.0.0"
  checksum: c3224efc798a4f2066ff2f65c28d60b48ec73b38bf76331ecc61814875cc5c8a93beccc268ca08aaa98a141c262de5787d68685b6682b8b67ad2dadb8bd2ddd2
  languageName: node
  linkType: hard

"dayjs@npm:^1.11.9":
  version: 1.11.9
  resolution: "dayjs@npm:1.11.9"
  checksum: 97cd8a4a3462281489e5eb67006b42f32c34bb5c23ea4c36856138a2f53076ca12ce46dea6079373d94a768e0277f6e5f561ea3f46d11ba46c1063baf8590e3b
  languageName: node
  linkType: hard

"delayed-stream@npm:~1.0.0":
  version: 1.0.0
  resolution: "delayed-stream@npm:1.0.0"
  checksum: 22f11ed342773dbc427e84d5a972e5c67fc34a44bf80eead5a41d8697c9303ae32991e568921cbd82553deeb1b33f3d6ecc148bf0efe3789589c8cb7b0e1a53a
  languageName: node
  linkType: hard

"dotenv@npm:^16.3.1":
  version: 16.3.1
  resolution: "dotenv@npm:16.3.1"
  checksum: 10accb903da092a279d5a952c54290c0980c1c3ab0767b0dbc3013526593ebc98944e26352c9bef1d0fe93589a7c78e4810daae1bd53c7432c69997b17de0b3d
  languageName: node
  linkType: hard

"form-data@npm:^3.0.0":
  version: 3.0.1
  resolution: "form-data@npm:3.0.1"
  dependencies:
    asynckit: "npm:^0.4.0"
    combined-stream: "npm:^1.0.8"
    mime-types: "npm:^2.1.12"
  checksum: 4ca2af6f04d3e3914b6ed8e5ea256da66c883bc2ae64651929f5eb842a47b6461fa51cd19c2a1d5ede09f5117593f2622814c34f8e0ac4869b91a4815c401753
  languageName: node
  linkType: hard

"mime-db@npm:1.52.0":
  version: 1.52.0
  resolution: "mime-db@npm:1.52.0"
  checksum: 95baf687a3f14ff2cc433e30dea5c4931c7f4b67059d44a0098cfb833858cad63ec13c20f98762bddd088c4e9dac6d95862db1ea9d3fe3fa68f57b69a325000d
  languageName: node
  linkType: hard

"mime-types@npm:^2.1.12":
  version: 2.1.35
  resolution: "mime-types@npm:2.1.35"
  dependencies:
    mime-db: "npm:1.52.0"
  checksum: 51e3b38d1b1b83da082f7c29042bcb22036101346394696b7643ef5da27ebf6bf71643bd45225ee75e4ea2836213780efc8c3dcd2055c84b49eb0afc061419d0
  languageName: node
  linkType: hard

"node-fetch@npm:^2.6.1":
  version: 2.6.7
  resolution: "node-fetch@npm:2.6.7"
  dependencies:
    whatwg-url: "npm:^5.0.0"
  peerDependencies:
    encoding: ^0.1.0
  peerDependenciesMeta:
    encoding:
      optional: true
  checksum: 05c03fe66f38b9e349e691caf121b693a91adb41ab59c3af17d2c5f9d2f8d927c30b428e7c8049b739c674db06171117ba9d10dc72d6a2cf35ba8901dfb4de83
  languageName: node
  linkType: hard

"notion2discord@workspace:.":
  version: 0.0.0-use.local
  resolution: "notion2discord@workspace:."
  dependencies:
    "@notionhq/client": "npm:^2.2.14"
    dayjs: "npm:^1.11.9"
    dotenv: "npm:^16.3.1"
  languageName: unknown
  linkType: soft

"tr46@npm:~0.0.3":
  version: 0.0.3
  resolution: "tr46@npm:0.0.3"
  checksum: c670667f2df1c0983b48ee7e81d6013ab304f73573e9e4292233821b2219504307bedffc303c32df30813a9138114b8b084c81dea94fb68f08aca7770af98578
  languageName: node
  linkType: hard

"webidl-conversions@npm:^3.0.0":
  version: 3.0.1
  resolution: "webidl-conversions@npm:3.0.1"
  checksum: 57c8c5fdd986be5432ea6adacd87d6757144289d3b48b33441e7310bd4f4f6d782dd34acbd74d61e923c142cc50333d27ba58235692fa7248541c0bcce2563e1
  languageName: node
  linkType: hard

"whatwg-url@npm:^5.0.0":
  version: 5.0.0
  resolution: "whatwg-url@npm:5.0.0"
  dependencies:
    tr46: "npm:~0.0.3"
    webidl-conversions: "npm:^3.0.0"
  checksum: bd0cc6b75b84b3d032e30712e2f40eefbc07ecd14f093e87b2f81bb68bce10a3961e8eb646a7a8cc9c2352548fb501eeff668c8b2595fd7c6ea91d1406ce11ee
  languageName: node
  linkType: hard
